
Microsoft Visual Studio Solution File, Format Version 12.00
# Visual Studio Version 17
VisualStudioVersion = 17.11.35327.3
MinimumVisualStudioVersion = 10.0.40219.1
Project("{8BC9CEB8-8B4A-11D0-8D11-00A0C91BC942}") = "WordWise", "src\Word_Banker.vcxproj", "{2882DF05-1363-4875-9BAD-2DDEA8E2B677}"
EndProject
Global
	GlobalSection(SolutionConfigurationPlatforms) = preSolution
		Debug|x64 = Debug|x64
		Debug|x86 = Debug|x86
		Release|x64 = Release|x64
		Release|x86 = Release|x86
	EndGlobalSection
	GlobalSection(ProjectConfigurationPlatforms) = postSolution
		{2882DF05-1363-4875-9BAD-2DDEA8E2B677}.Debug|x64.ActiveCfg = Debug|x64
		{2882DF05-1363-4875-9BAD-2DDEA8E2B677}.Debug|x64.Build.0 = Debug|x64
		{2882DF05-1363-4875-9BAD-2DDEA8E2B677}.Debug|x86.ActiveCfg = Debug|Win32
		{2882DF05-1363-4875-9BAD-2DDEA8E2B677}.Debug|x86.Build.0 = Debug|Win32
		{2882DF05-1363-4875-9BAD-2DDEA8E2B677}.Release|x64.ActiveCfg = Release|x64
		{2882DF05-1363-4875-9BAD-2DDEA8E2B677}.Release|x64.Build.0 = Release|x64
		{2882DF05-1363-4875-9BAD-2DDEA8E2B677}.Release|x86.ActiveCfg = Release|Win32
		{2882DF05-1363-4875-9BAD-2DDEA8E2B677}.Release|x86.Build.0 = Release|Win32
	EndGlobalSection
	GlobalSection(SolutionProperties) = preSolution
		HideSolutionNode = FALSE
	EndGlobalSection
	GlobalSection(ExtensibilityGlobals) = postSolution
		SolutionGuid = {3E065BC1-E4C3-401D-B3F4-31452DC94169}
	EndGlobalSection
EndGlobal
